
Microsoft Visual Studio Solution File, Format Version 12.00
# Visual Studio Version 17
VisualStudioVersion = 17.13.35931.197 d17.13
MinimumVisualStudioVersion = 10.0.40219.1
Project("{FAE04EC0-301F-11D3-BF4B-00C04F79EFBC}") = "TicTacToe_WPF", "TicTacToe_WPF\TicTacToe_WPF.csproj", "{3B407694-A360-4809-A4CF-2BD44BE98022}"
EndProject
Global
	GlobalSection(SolutionConfigurationPlatforms) = preSolution
		Debug|Any CPU = Debug|Any CPU
		Release|Any CPU = Release|Any CPU
	EndGlobalSection
	GlobalSection(ProjectConfigurationPlatforms) = postSolution
		{3B407694-A360-4809-A4CF-2BD44BE98022}.Debug|Any CPU.ActiveCfg = Debug|Any CPU
		{3B407694-A360-4809-A4CF-2BD44BE98022}.Debug|Any CPU.Build.0 = Debug|Any CPU
		{3B407694-A360-4809-A4CF-2BD44BE98022}.Release|Any CPU.ActiveCfg = Release|Any CPU
		{3B407694-A360-4809-A4CF-2BD44BE98022}.Release|Any CPU.Build.0 = Release|Any CPU
	EndGlobalSection
	GlobalSection(SolutionProperties) = preSolution
		HideSolutionNode = FALSE
	EndGlobalSection
	GlobalSection(ExtensibilityGlobals) = postSolution
		SolutionGuid = {91AE20FC-9DB0-4E7A-B4A9-3409C965F386}
	EndGlobalSection
EndGlobal
